# THIS IS AN AUTOGENERATED FILE. DO NOT EDIT THIS FILE DIRECTLY.
# yarn lockfile v1


"@babel/runtime@^7.4.4":
  version "7.22.5"
  resolved "https://registry.yarnpkg.com/@babel/runtime/-/runtime-7.22.5.tgz#8564dd588182ce0047d55d7a75e93921107b57ec"
  integrity sha512-ecjvYlnAaZ/KVneE/OdKYBYfgXV3Ptu6zQWmgEF7vwKhQnvVS6bjMD2XYgj+SNvQ1GfK/pjgokfPkC/2CO8CuA==
  dependencies:
    regenerator-runtime "^0.13.11"

"@ensdomains/ens-validation@^0.1.0":
  version "0.1.0"
  resolved "https://registry.yarnpkg.com/@ensdomains/ens-validation/-/ens-validation-0.1.0.tgz#9ebfe66016fbf069a6ebca70c043714f6f02fbe6"
  integrity sha512-rbDh2K6GfqXvBcJUISaTTYEt3f079WA4ohTE5Lh4/8EaaPAk/9vk3EisMUQV2UVxeFIZQEEyRCIOmRTpqN0W7A==

"@ensdomains/eth-ens-namehash@^2.0.15":
  version "2.0.15"
  resolved "https://registry.yarnpkg.com/@ensdomains/eth-ens-namehash/-/eth-ens-namehash-2.0.15.tgz#5e5f2f24ba802aff8bc19edd822c9a11200cdf4a"
  integrity sha512-JRDFP6+Hczb1E0/HhIg0PONgBYasfGfDheujmfxaZaAv/NAH4jE6Kf48WbqfRZdxt4IZI3jl3Ri7sZ1nP09lgw==

"@siddomains/sei-sidjs@^0.0.3":
  version "0.0.3"
  resolved "https://registry.yarnpkg.com/@siddomains/sei-sidjs/-/sei-sidjs-0.0.3.tgz#daa6d92c74f2ca32170144d9efce085ee3e45965"
  integrity sha512-D1qX9O5RMmMX+BOdQ5kRAJfLtHMHQQ2Ou3g2Mg+Qokh35Z7+7hkKKE3EGLoZiDsVl3I2TubQdfi0dzosoCP88A==
  dependencies:
    "@babel/runtime" "^7.4.4"
    "@ensdomains/ens-validation" "^0.1.0"
    "@ensdomains/eth-ens-namehash" "^2.0.15"
    lodash.toarray "^4.4.0"

lodash.toarray@^4.4.0:
  version "4.4.0"
  resolved "https://registry.yarnpkg.com/lodash.toarray/-/lodash.toarray-4.4.0.tgz#24c4bfcd6b2fba38bfd0594db1179d8e9b656561"
  integrity sha512-QyffEA3i5dma5q2490+SgCvDN0pXLmRGSyAANuVi0HQ01Pkfr9fuoKQW8wm1wGBnJITs/mS7wQvS6VshUEBFCw==

regenerator-runtime@^0.13.11:
  version "0.13.11"
  resolved "https://registry.yarnpkg.com/regenerator-runtime/-/regenerator-runtime-0.13.11.tgz#f6dca3e7ceec20590d07ada785636a90cdca17f9"
  integrity sha512-kY1AZVr2Ra+t+piVaJ4gxaFaReZVH40AKNo7UCX6W+dEwBo/2oZJzqfuN1qLq1oL45o56cPaTXELwrTh8Fpggg==
